STORAGE: NONE
CONDITION: TRUE
RESTRICTION: == net8.0
NUGET
  remote: https://api.nuget.org/v3/index.json
    Microsoft.Extensions.DependencyInjection.Abstractions (10.0.2)
    Microsoft.Extensions.Logging.Abstractions (10.0.2)
      Microsoft.Extensions.DependencyInjection.Abstractions (>= 10.0.2)
      System.Diagnostics.DiagnosticSource (>= 10.0.2)
    Pipelines.Sockets.Unofficial (2.2.8)
      System.IO.Pipelines (>= 5.0.1)
    StackExchange.Redis (2.10.1)
      Microsoft.Extensions.Logging.Abstractions (>= 8.0)
      Pipelines.Sockets.Unofficial (>= 2.2.8)
      System.IO.Hashing (>= 9.0.10)
    System.Diagnostics.DiagnosticSource (10.0.2)
    System.IO.Hashing (10.0.2)
    System.IO.Pipelines (10.0.2)

GROUP NET6
STORAGE: NONE
CONDITION: TRUE
RESTRICTION: == net6.0
NUGET
  remote: https://api.nuget.org/v3/index.json
    Microsoft.Extensions.DependencyInjection.Abstractions (10.0.2)
    Microsoft.Extensions.Logging.Abstractions (10.0.2)
      Microsoft.Extensions.DependencyInjection.Abstractions (>= 10.0.2)
      System.Buffers (>= 4.6.1)
      System.Diagnostics.DiagnosticSource (>= 10.0.2)
      System.Memory (>= 4.6.3)
    Pipelines.Sockets.Unofficial (2.2.8)
      System.IO.Pipelines (>= 5.0.1)
    StackExchange.Redis (2.10.1)
      Microsoft.Extensions.Logging.Abstractions (>= 6.0)
      Pipelines.Sockets.Unofficial (>= 2.2.8)
      System.IO.Hashing (>= 9.0.10)
    System.Buffers (4.6.1)
    System.Diagnostics.DiagnosticSource (10.0.2)
      System.Memory (>= 4.6.3)
      System.Runtime.CompilerServices.Unsafe (>= 6.1.2)
    System.IO.Hashing (10.0.2)
      System.Buffers (>= 4.6.1)
      System.Memory (>= 4.6.3)
    System.IO.Pipelines (10.0.2)
      System.Buffers (>= 4.6.1)
      System.Memory (>= 4.6.3)
      System.Threading.Tasks.Extensions (>= 4.6.3)
    System.Memory (4.6.3)
    System.Runtime.CompilerServices.Unsafe (6.1.2)
    System.Threading.Tasks.Extensions (4.6.3)
